
Microsoft Visual Studio Solution File, Format Version 12.00
# Visual Studio Version 17
VisualStudioVersion = 17.12.35527.113 d17.12
MinimumVisualStudioVersion = 10.0.40219.1
Project("{FAE04EC0-301F-11D3-BF4B-00C04F79EFBC}") = "AppMoedaHoje", "AppMoedaHoje.csproj", "{C355288B-B71F-48A5-BDC4-BDB44CEC6A0E}"
EndProject
Global
	GlobalSection(SolutionConfigurationPlatforms) = preSolution
		Debug|Any CPU = Debug|Any CPU
		Release|Any CPU = Release|Any CPU
	EndGlobalSection
	GlobalSection(ProjectConfigurationPlatforms) = postSolution
		{C355288B-B71F-48A5-BDC4-BDB44CEC6A0E}.Debug|Any CPU.ActiveCfg = Debug|Any CPU
		{C355288B-B71F-48A5-BDC4-BDB44CEC6A0E}.Debug|Any CPU.Build.0 = Debug|Any CPU
		{C355288B-B71F-48A5-BDC4-BDB44CEC6A0E}.Release|Any CPU.ActiveCfg = Release|Any CPU
		{C355288B-B71F-48A5-BDC4-BDB44CEC6A0E}.Release|Any CPU.Build.0 = Release|Any CPU
	EndGlobalSection
	GlobalSection(SolutionProperties) = preSolution
		HideSolutionNode = FALSE
	EndGlobalSection
EndGlobal
